// !$*UTF8*$!
{
	archiveVersion = 1;
	classes = {
	};
	objectVersion = 55;
	objects = {

/* Begin PBXBuildFile section */
		96B9F5102746E84B00B40112 /* AppDelegate.swift in Sources */ = {isa = PBXBuildFile; fileRef = 96B9F50F2746E84B00B40112 /* AppDelegate.swift */; };
		96B9F5122746E84B00B40112 /* SceneDelegate.swift in Sources */ = {isa = PBXBuildFile; fileRef = 96B9F5112746E84B00B40112 /* SceneDelegate.swift */; };
		96B9F5142746E84B00B40112 /* ToDoViewController.swift in Sources */ = {isa = PBXBuildFile; fileRef = 96B9F5132746E84B00B40112 /* ToDoViewController.swift */; };
		96B9F5172746E84B00B40112 /* Main.storyboard in Resources */ = {isa = PBXBuildFile; fileRef = 96B9F5152746E84B00B40112 /* Main.storyboard */; };
		96B9F51A2746E84B00B40112 /* ToDo.xcdatamodeld in Sources */ = {isa = PBXBuildFile; fileRef = 96B9F5182746E84B00B40112 /* ToDo.xcdatamodeld */; };
		96B9F51C2746E85200B40112 /* Assets.xcassets in Resources */ = {isa = PBXBuildFile; fileRef = 96B9F51B2746E85200B40112 /* Assets.xcassets */; };
		96B9F52A27470F9E00B40112 /* ToDoItem.swift in Sources */ = {isa = PBXBuildFile; fileRef = 96B9F52927470F9E00B40112 /* ToDoItem.swift */; };
		96B9F52D274713EE00B40112 /* ToDoTableViewCell.swift in Sources */ = {isa = PBXBuildFile; fileRef = 96B9F52C274713EE00B40112 /* ToDoTableViewCell.swift */; };
		96B9F530274723CF00B40112 /* CheckBox.swift in Sources */ = {isa = PBXBuildFile; fileRef = 96B9F52F274723CF00B40112 /* CheckBox.swift */; };
		96B9F5322747262200B40112 /* Screen Shot 2021-11-19 at 11.23.56 am.png in Resources */ = {isa = PBXBuildFile; fileRef = 96B9F5312747262200B40112 /* Screen Shot 2021-11-19 at 11.23.56 am.png */; };
		96D5EBC22747728800497779 /* TODODetailViewController.swift in Sources */ = {isa = PBXBuildFile; fileRef = 96D5EBC12747728800497779 /* TODODetailViewController.swift */; };
/* End PBXBuildFile section */

/* Begin PBXFileReference section */
		96B9F50C2746E84B00B40112 /* ToDo.app */ = {isa = PBXFileReference; explicitFileType = wrapper.application; includeInIndex = 0; path = ToDo.app; sourceTree = BUILT_PRODUCTS_DIR; };
		96B9F50F2746E84B00B40112 /* AppDelegate.swift */ = {isa = PBXFileReference; lastKnownFileType = sourcecode.swift; path = AppDelegate.swift; sourceTree = "<group>"; };
		96B9F5112746E84B00B40112 /* SceneDelegate.swift */ = {isa = PBXFileReference; lastKnownFileType = sourcecode.swift; path = SceneDelegate.swift; sourceTree = "<group>"; };
		96B9F5132746E84B00B40112 /* ToDoViewController.swift */ = {isa = PBXFileReference; lastKnownFileType = sourcecode.swift; path = ToDoViewController.swift; sourceTree = "<group>"; };
		96B9F5162746E84B00B40112 /* Base */ = {isa = PBXFileReference; lastKnownFileType = file.storyboard; name = Base; path = Base.lproj/Main.storyboard; sourceTree = "<group>"; };
		96B9F5192746E84B00B40112 /* ToDo.xcdatamodel */ = {isa = PBXFileReference; lastKnownFileType = wrapper.xcdatamodel; path = ToDo.xcdatamodel; sourceTree = "<group>"; };
		96B9F51B2746E85200B40112 /* Assets.xcassets */ = {isa = PBXFileReference; lastKnownFileType = folder.assetcatalog; path = Assets.xcassets; sourceTree = "<group>"; };
		96B9F5202746E85200B40112 /* Info.plist */ = {isa = PBXFileReference; lastKnownFileType = text.plist.xml; path = Info.plist; sourceTree = "<group>"; };
		96B9F52927470F9E00B40112 /* ToDoItem.swift */ = {isa = PBXFileReference; lastKnownFileType = sourcecode.swift; path = ToDoItem.swift; sourceTree = "<group>"; };
		96B9F52C274713EE00B40112 /* ToDoTableViewCell.swift */ = {isa = PBXFileReference; lastKnownFileType = sourcecode.swift; path = ToDoTableViewCell.swift; sourceTree = "<group>"; };
		96B9F52F274723CF00B40112 /* CheckBox.swift */ = {isa = PBXFileReference; lastKnownFileType = sourcecode.swift; path = CheckBox.swift; sourceTree = "<group>"; };
		96B9F5312747262200B40112 /* Screen Shot 2021-11-19 at 11.23.56 am.png */ = {isa = PBXFileReference; lastKnownFileType = image.png; name = "Screen Shot 2021-11-19 at 11.23.56 am.png"; path = "../../../../../var/folders/0x/7jmb9tgj61nfcbx945k93_3h0000gn/T/TemporaryItems/NSIRD_screencaptureui_8wsXny/Screen Shot 2021-11-19 at 11.23.56 am.png"; sourceTree = "<group>"; };
		96D5EBC12747728800497779 /* TODODetailViewController.swift */ = {isa = PBXFileReference; lastKnownFileType = sourcecode.swift; path = TODODetailViewController.swift; sourceTree = "<group>"; };
/* End PBXFileReference section */

/* Begin PBXFrameworksBuildPhase section */
		96B9F5092746E84B00B40112 /* Frameworks */ = {
			isa = PBXFrameworksBuildPhase;
			buildActionMask = 2147483647;
			files = (
			);
			runOnlyForDeploymentPostprocessing = 0;
		};
/* End PBXFrameworksBuildPhase section */

/* Begin PBXGroup section */
		96B9F5032746E84B00B40112 = {
			isa = PBXGroup;
			children = (
				96B9F50E2746E84B00B40112 /* ToDo */,
				96B9F50D2746E84B00B40112 /* Products */,
			);
			sourceTree = "<group>";
		};
		96B9F50D2746E84B00B40112 /* Products */ = {
			isa = PBXGroup;
			children = (
				96B9F50C2746E84B00B40112 /* ToDo.app */,
			);
			name = Products;
			sourceTree = "<group>";
		};
		96B9F50E2746E84B00B40112 /* ToDo */ = {
			isa = PBXGroup;
			children = (
				96B9F5272747088D00B40112 /* Model */,
				96B9F5282747089D00B40112 /* Views */,
				96B9F5262747088200B40112 /* Controller */,
				96B9F5112746E84B00B40112 /* SceneDelegate.swift */,
				96B9F51B2746E85200B40112 /* Assets.xcassets */,
				96B9F5312747262200B40112 /* Screen Shot 2021-11-19 at 11.23.56 am.png */,
				96B9F5202746E85200B40112 /* Info.plist */,
				96B9F5182746E84B00B40112 /* ToDo.xcdatamodeld */,
			);
			path = ToDo;
			sourceTree = "<group>";
		};
		96B9F5262747088200B40112 /* Controller */ = {
			isa = PBXGroup;
			children = (
				96B9F5132746E84B00B40112 /* ToDoViewController.swift */,
				96B9F50F2746E84B00B40112 /* AppDelegate.swift */,
				96D5EBC12747728800497779 /* TODODetailViewController.swift */,
			);
			path = Controller;
			sourceTree = "<group>";
		};
		96B9F5272747088D00B40112 /* Model */ = {
			isa = PBXGroup;
			children = (
				96B9F52927470F9E00B40112 /* ToDoItem.swift */,
			);
			path = Model;
			sourceTree = "<group>";
		};
		96B9F5282747089D00B40112 /* Views */ = {
			isa = PBXGroup;
			children = (
				96B9F5152746E84B00B40112 /* Main.storyboard */,
				96B9F52E274723AC00B40112 /* CustomViews */,
				96B9F52B274713D300B40112 /* TableViewCell */,
			);
			path = Views;
			sourceTree = "<group>";
		};
		96B9F52B274713D300B40112 /* TableViewCell */ = {
			isa = PBXGroup;
			children = (
				96B9F52C274713EE00B40112 /* ToDoTableViewCell.swift */,
			);
			path = TableViewCell;
			sourceTree = "<group>";
		};
		96B9F52E274723AC00B40112 /* CustomViews */ = {
			isa = PBXGroup;
			children = (
				96B9F52F274723CF00B40112 /* CheckBox.swift */,
			);
			path = CustomViews;
			sourceTree = "<group>";
		};
/* End PBXGroup section */

/* Begin PBXNativeTarget section */
		96B9F50B2746E84B00B40112 /* ToDo */ = {
			isa = PBXNativeTarget;
			buildConfigurationList = 96B9F5232746E85200B40112 /* Build configuration list for PBXNativeTarget "ToDo" */;
			buildPhases = (
				96B9F5082746E84B00B40112 /* Sources */,
				96B9F5092746E84B00B40112 /* Frameworks */,
				96B9F50A2746E84B00B40112 /* Resources */,
			);
			buildRules = (
			);
			dependencies = (
			);
			name = ToDo;
			productName = ToDo;
			productReference = 96B9F50C2746E84B00B40112 /* ToDo.app */;
			productType = "com.apple.product-type.application";
		};
/* End PBXNativeTarget section */

/* Begin PBXProject section */
		96B9F5042746E84B00B40112 /* Project object */ = {
			isa = PBXProject;
			attributes = {
				BuildIndependentTargetsInParallel = 1;
				LastSwiftUpdateCheck = 1300;
				LastUpgradeCheck = 1300;
				TargetAttributes = {
					96B9F50B2746E84B00B40112 = {
						CreatedOnToolsVersion = 13.0;
					};
				};
			};
			buildConfigurationList = 96B9F5072746E84B00B40112 /* Build configuration list for PBXProject "ToDo" */;
			compatibilityVersion = "Xcode 13.0";
			developmentRegion = en;
			hasScannedForEncodings = 0;
			knownRegions = (
				en,
				Base,
			);
			mainGroup = 96B9F5032746E84B00B40112;
			productRefGroup = 96B9F50D2746E84B00B40112 /* Products */;
			projectDirPath = "";
			projectRoot = "";
			targets = (
				96B9F50B2746E84B00B40112 /* ToDo */,
			);
		};
/* End PBXProject section */

/* Begin PBXResourcesBuildPhase section */
		96B9F50A2746E84B00B40112 /* Resources */ = {
			isa = PBXResourcesBuildPhase;
			buildActionMask = 2147483647;
			files = (
				96B9F51C2746E85200B40112 /* Assets.xcassets in Resources */,
				96B9F5322747262200B40112 /* Screen Shot 2021-11-19 at 11.23.56 am.png in Resources */,
				96B9F5172746E84B00B40112 /* Main.storyboard in Resources */,
			);
			runOnlyForDeploymentPostprocessing = 0;
		};
/* End PBXResourcesBuildPhase section */

/* Begin PBXSourcesBuildPhase section */
		96B9F5082746E84B00B40112 /* Sources */ = {
			isa = PBXSourcesBuildPhase;
			buildActionMask = 2147483647;
			files = (
				96B9F5142746E84B00B40112 /* ToDoViewController.swift in Sources */,
				96D5EBC22747728800497779 /* TODODetailViewController.swift in Sources */,
				96B9F5102746E84B00B40112 /* AppDelegate.swift in Sources */,
				96B9F52A27470F9E00B40112 /* ToDoItem.swift in Sources */,
				96B9F530274723CF00B40112 /* CheckBox.swift in Sources */,
				96B9F52D274713EE00B40112 /* ToDoTableViewCell.swift in Sources */,
				96B9F5122746E84B00B40112 /* SceneDelegate.swift in Sources */,
				96B9F51A2746E84B00B40112 /* ToDo.xcdatamodeld in Sources */,
			);
			runOnlyForDeploymentPostprocessing = 0;
		};
/* End PBXSourcesBuildPhase section */

/* Begin PBXVariantGroup section */
		96B9F5152746E84B00B40112 /* Main.storyboard */ = {
			isa = PBXVariantGroup;
			children = (
				96B9F5162746E84B00B40112 /* Base */,
			);
			name = Main.storyboard;
			sourceTree = "<group>";
		};
/* End PBXVariantGroup section */

/* Begin XCBuildConfiguration section */
		96B9F5212746E85200B40112 /* Debug */ = {
			isa = XCBuildConfiguration;
			buildSettings = {
				ALWAYS_SEARCH_USER_PATHS = NO;
				CLANG_ANALYZER_NONNULL = YES;
				CLANG_ANALYZER_NUMBER_OBJECT_CONVERSION = YES_AGGRESSIVE;
				CLANG_CXX_LANGUAGE_STANDARD = "gnu++17";
				CLANG_CXX_LIBRARY = "libc++";
				CLANG_ENABLE_MODULES = YES;
				CLANG_ENABLE_OBJC_ARC = YES;
				CLANG_ENABLE_OBJC_WEAK = YES;
				CLANG_WARN_BLOCK_CAPTURE_AUTORELEASING = YES;
				CLANG_WARN_BOOL_CONVERSION = YES;
				CLANG_WARN_COMMA = YES;
				CLANG_WARN_CONSTANT_CONVERSION = YES;
				CLANG_WARN_DEPRECATED_OBJC_IMPLEMENTATIONS = YES;
				CLANG_WARN_DIRECT_OBJC_ISA_USAGE = YES_ERROR;
				CLANG_WARN_DOCUMENTATION_COMMENTS = YES;
				CLANG_WARN_EMPTY_BODY = YES;
				CLANG_WARN_ENUM_CONVERSION = YES;
				CLANG_WARN_INFINITE_RECURSION = YES;
				CLANG_WARN_INT_CONVERSION = YES;
				CLANG_WARN_NON_LITERAL_NULL_CONVERSION = YES;
				CLANG_WARN_OBJC_IMPLICIT_RETAIN_SELF = YES;
				CLANG_WARN_OBJC_LITERAL_CONVERSION = YES;
				CLANG_WARN_OBJC_ROOT_CLASS = YES_ERROR;
				CLANG_WARN_QUOTED_INCLUDE_IN_FRAMEWORK_HEADER = YES;
				CLANG_WARN_RANGE_LOOP_ANALYSIS = YES;
				CLANG_WARN_STRICT_PROTOTYPES = YES;
				CLANG_WARN_SUSPICIOUS_MOVE = YES;
				CLANG_WARN_UNGUARDED_AVAILABILITY = YES_AGGRESSIVE;
				CLANG_WARN_UNREACHABLE_CODE = YES;
				CLANG_WARN__DUPLICATE_METHOD_MATCH = YES;
				COPY_PHASE_STRIP = NO;
				DEBUG_INFORMATION_FORMAT = dwarf;
				ENABLE_STRICT_OBJC_MSGSEND = YES;
				ENABLE_TESTABILITY = YES;
				GCC_C_LANGUAGE_STANDARD = gnu11;
				GCC_DYNAMIC_NO_PIC = NO;
				GCC_NO_COMMON_BLOCKS = YES;
				GCC_OPTIMIZATION_LEVEL = 0;
				GCC_PREPROCESSOR_DEFINITIONS = (
					"DEBUG=1",
					"$(inherited)",
				);
				GCC_WARN_64_TO_32_BIT_CONVERSION = YES;
				GCC_WARN_ABOUT_RETURN_TYPE = YES_ERROR;
				GCC_WARN_UNDECLARED_SELECTOR = YES;
				GCC_WARN_UNINITIALIZED_AUTOS = YES_AGGRESSIVE;
				GCC_WARN_UNUSED_FUNCTION = YES;
				GCC_WARN_UNUSED_VARIABLE = YES;
				IPHONEOS_DEPLOYMENT_TARGET = 15.0;
				MTL_ENABLE_DEBUG_INFO = INCLUDE_SOURCE;
				MTL_FAST_MATH = YES;
				ONLY_ACTIVE_ARCH = YES;
				SDKROOT = iphoneos;
				SWIFT_ACTIVE_COMPILATION_CONDITIONS = DEBUG;
				SWIFT_OPTIMIZATION_LEVEL = "-Onone";
			};
			name = Debug;
		};
		96B9F5222746E85200B40112 /* Release */ = {
			isa = XCBuildConfiguration;
			buildSettings = {
				ALWAYS_SEARCH_USER_PATHS = NO;
				CLANG_ANALYZER_NONNULL = YES;
				CLANG_ANALYZER_NUMBER_OBJECT_CONVERSION = YES_AGGRESSIVE;
				CLANG_CXX_LANGUAGE_STANDARD = "gnu++17";
				CLANG_CXX_LIBRARY = "libc++";
				CLANG_ENABLE_MODULES = YES;
				CLANG_ENABLE_OBJC_ARC = YES;
				CLANG_ENABLE_OBJC_WEAK = YES;
				CLANG_WARN_BLOCK_CAPTURE_AUTORELEASING = YES;
				CLANG_WARN_BOOL_CONVERSION = YES;
				CLANG_WARN_COMMA = YES;
				CLANG_WARN_CONSTANT_CONVERSION = YES;
				CLANG_WARN_DEPRECATED_OBJC_IMPLEMENTATIONS = YES;
				CLANG_WARN_DIRECT_OBJC_ISA_USAGE = YES_ERROR;
				CLANG_WARN_DOCUMENTATION_COMMENTS = YES;
				CLANG_WARN_EMPTY_BODY = YES;
				CLANG_WARN_ENUM_CONVERSION = YES;
				CLANG_WARN_INFINITE_RECURSION = YES;
				CLANG_WARN_INT_CONVERSION = YES;
				CLANG_WARN_NON_LITERAL_NULL_CONVERSION = YES;
				CLANG_WARN_OBJC_IMPLICIT_RETAIN_SELF = YES;
				CLANG_WARN_OBJC_LITERAL_CONVERSION = YES;
				CLANG_WARN_OBJC_ROOT_CLASS = YES_ERROR;
				CLANG_WARN_QUOTED_INCLUDE_IN_FRAMEWORK_HEADER = YES;
				CLANG_WARN_RANGE_LOOP_ANALYSIS = YES;
				CLANG_WARN_STRICT_PROTOTYPES = YES;
				CLANG_WARN_SUSPICIOUS_MOVE = YES;
				CLANG_WARN_UNGUARDED_AVAILABILITY = YES_AGGRESSIVE;
				CLANG_WARN_UNREACHABLE_CODE = YES;
				CLANG_WARN__DUPLICATE_METHOD_MATCH = YES;
				COPY_PHASE_STRIP = NO;
				DEBUG_INFORMATION_FORMAT = "dwarf-with-dsym";
				ENABLE_NS_ASSERTIONS = NO;
				ENABLE_STRICT_OBJC_MSGSEND = YES;
				GCC_C_LANGUAGE_STANDARD = gnu11;
				GCC_NO_COMMON_BLOCKS = YES;
				GCC_WARN_64_TO_32_BIT_CONVERSION = YES;
				GCC_WARN_ABOUT_RETURN_TYPE = YES_ERROR;
				GCC_WARN_UNDECLARED_SELECTOR = YES;
				GCC_WARN_UNINITIALIZED_AUTOS = YES_AGGRESSIVE;
				GCC_WARN_UNUSED_FUNCTION = YES;
				GCC_WARN_UNUSED_VARIABLE = YES;
				IPHONEOS_DEPLOYMENT_TARGET = 15.0;
				MTL_ENABLE_DEBUG_INFO = NO;
				MTL_FAST_MATH = YES;
				SDKROOT = iphoneos;
				SWIFT_COMPILATION_MODE = wholemodule;
				SWIFT_OPTIMIZATION_LEVEL = "-O";
				VALIDATE_PRODUCT = YES;
			};
			name = Release;
		};
		96B9F5242746E85200B40112 /* Debug */ = {
			isa = XCBuildConfiguration;
			buildSettings = {
				ASSETCATALOG_COMPILER_APPICON_NAME = AppIcon;
				ASSETCATALOG_COMPILER_GLOBAL_ACCENT_COLOR_NAME = AccentColor;
				CODE_SIGN_STYLE = Automatic;
				CURRENT_PROJECT_VERSION = 1;
				DEVELOPMENT_TEAM = 5A8J3H9TB9;
				GENERATE_INFOPLIST_FILE = YES;
				INFOPLIST_FILE = ToDo/Info.plist;
				INFOPLIST_KEY_UIApplicationSupportsIndirectInputEvents = YES;
				INFOPLIST_KEY_UILaunchStoryboardName = LaunchScreen;
				INFOPLIST_KEY_UIMainStoryboardFile = Main;
				INFOPLIST_KEY_UISupportedInterfaceOrientations_iPad = "UIInterfaceOrientationPortrait UIInterfaceOrientationPortraitUpsideDown UIInterfaceOrientationLandscapeLeft UIInterfaceOrientationLandscapeRight";
				INFOPLIST_KEY_UISupportedInterfaceOrientations_iPhone = "UIInterfaceOrientationPortrait UIInterfaceOrientationLandscapeLeft UIInterfaceOrientationLandscapeRight";
				LD_RUNPATH_SEARCH_PATHS = (
					"$(inherited)",
					"@executable_path/Frameworks",
				);
				MARKETING_VERSION = 1.0;
				PRODUCT_BUNDLE_IDENTIFIER = demo.ToDo;
				PRODUCT_NAME = "$(TARGET_NAME)";
				SWIFT_EMIT_LOC_STRINGS = YES;
				SWIFT_VERSION = 5.0;
				TARGETED_DEVICE_FAMILY = "1,2";
			};
			name = Debug;
		};
		96B9F5252746E85200B40112 /* Release */ = {
			isa = XCBuildConfiguration;
			buildSettings = {
				ASSETCATALOG_COMPILER_APPICON_NAME = AppIcon;
				ASSETCATALOG_COMPILER_GLOBAL_ACCENT_COLOR_NAME = AccentColor;
				CODE_SIGN_STYLE = Automatic;
				CURRENT_PROJECT_VERSION = 1;
				DEVELOPMENT_TEAM = 5A8J3H9TB9;
				GENERATE_INFOPLIST_FILE = YES;
				INFOPLIST_FILE = ToDo/Info.plist;
				INFOPLIST_KEY_UIApplicationSupportsIndirectInputEvents = YES;
				INFOPLIST_KEY_UILaunchStoryboardName = LaunchScreen;
				INFOPLIST_KEY_UIMainStoryboardFile = Main;
				INFOPLIST_KEY_UISupportedInterfaceOrientations_iPad = "UIInterfaceOrientationPortrait UIInterfaceOrientationPortraitUpsideDown UIInterfaceOrientationLandscapeLeft UIInterfaceOrientationLandscapeRight";
				INFOPLIST_KEY_UISupportedInterfaceOrientations_iPhone = "UIInterfaceOrientationPortrait UIInterfaceOrientationLandscapeLeft UIInterfaceOrientationLandscapeRight";
				LD_RUNPATH_SEARCH_PATHS = (
					"$(inherited)",
					"@executable_path/Frameworks",
				);
				MARKETING_VERSION = 1.0;
				PRODUCT_BUNDLE_IDENTIFIER = demo.ToDo;
				PRODUCT_NAME = "$(TARGET_NAME)";
				SWIFT_EMIT_LOC_STRINGS = YES;
				SWIFT_VERSION = 5.0;
				TARGETED_DEVICE_FAMILY = "1,2";
			};
			name = Release;
		};
/* End XCBuildConfiguration section */

/* Begin XCConfigurationList section */
		96B9F5072746E84B00B40112 /* Build configuration list for PBXProject "ToDo" */ = {
			isa = XCConfigurationList;
			buildConfigurations = (
				96B9F5212746E85200B40112 /* Debug */,
				96B9F5222746E85200B40112 /* Release */,
			);
			defaultConfigurationIsVisible = 0;
			defaultConfigurationName = Release;
		};
		96B9F5232746E85200B40112 /* Build configuration list for PBXNativeTarget "ToDo" */ = {
			isa = XCConfigurationList;
			buildConfigurations = (
				96B9F5242746E85200B40112 /* Debug */,
				96B9F5252746E85200B40112 /* Release */,
			);
			defaultConfigurationIsVisible = 0;
			defaultConfigurationName = Release;
		};
/* End XCConfigurationList section */

/* Begin XCVersionGroup section */
		96B9F5182746E84B00B40112 /* ToDo.xcdatamodeld */ = {
			isa = XCVersionGroup;
			children = (
				96B9F5192746E84B00B40112 /* ToDo.xcdatamodel */,
			);
			currentVersion = 96B9F5192746E84B00B40112 /* ToDo.xcdatamodel */;
			path = ToDo.xcdatamodeld;
			sourceTree = "<group>";
			versionGroupType = wrapper.xcdatamodel;
		};
/* End XCVersionGroup section */
	};
	rootObject = 96B9F5042746E84B00B40112 /* Project object */;
}
